// !$*UTF8*$!
{
	archiveVersion = 1;
	classes = {
	};
	objectVersion = 56;
	objects = {

/* Begin PBXBuildFile section */
		611E0E5E2BE97B6A003EB03D /* ImageGalleryApp.swift in Sources */ = {isa = PBXBuildFile; fileRef = 611E0E5D2BE97B6A003EB03D /* ImageGalleryApp.swift */; };
		611E0E602BE97B6A003EB03D /* GridView.swift in Sources */ = {isa = PBXBuildFile; fileRef = 611E0E5F2BE97B6A003EB03D /* GridView.swift */; };
		611E0E622BE97B6C003EB03D /* Assets.xcassets in Resources */ = {isa = PBXBuildFile; fileRef = 611E0E612BE97B6C003EB03D /* Assets.xcassets */; };
		611E0E652BE97B6C003EB03D /* Preview Assets.xcassets in Resources */ = {isa = PBXBuildFile; fileRef = 611E0E642BE97B6C003EB03D /* Preview Assets.xcassets */; };
		611E0E6D2BE97CA5003EB03D /* DataModel.swift in Sources */ = {isa = PBXBuildFile; fileRef = 611E0E6C2BE97CA5003EB03D /* DataModel.swift */; };
		611E0E6F2BE98268003EB03D /* Item.swift in Sources */ = {isa = PBXBuildFile; fileRef = 611E0E6E2BE98268003EB03D /* Item.swift */; };
		611E0E872BE9854D003EB03D /* bobcat.jpg in Resources */ = {isa = PBXBuildFile; fileRef = 611E0E702BE9854D003EB03D /* bobcat.jpg */; };
		611E0E882BE9854D003EB03D /* bullElk.jpg in Resources */ = {isa = PBXBuildFile; fileRef = 611E0E712BE9854D003EB03D /* bullElk.jpg */; };
		611E0E892BE9854D003EB03D /* bullElkSparring.jpg in Resources */ = {isa = PBXBuildFile; fileRef = 611E0E722BE9854D003EB03D /* bullElkSparring.jpg */; };
		611E0E8A2BE9854D003EB03D /* bullTuleElkAndTwoFemales.jpg in Resources */ = {isa = PBXBuildFile; fileRef = 611E0E732BE9854D003EB03D /* bullTuleElkAndTwoFemales.jpg */; };
		611E0E8B2BE9854D003EB03D /* coyoteAndBison.jpg in Resources */ = {isa = PBXBuildFile; fileRef = 611E0E742BE9854D003EB03D /* coyoteAndBison.jpg */; };
		611E0E8C2BE9854D003EB03D /* doubleRainbowLowerMammoth.jpg in Resources */ = {isa = PBXBuildFile; fileRef = 611E0E752BE9854D003EB03D /* doubleRainbowLowerMammoth.jpg */; };
		611E0E8D2BE9854D003EB03D /* doubleRainbowYellowstone.jpg in Resources */ = {isa = PBXBuildFile; fileRef = 611E0E762BE9854D003EB03D /* doubleRainbowYellowstone.jpg */; };
		611E0E8E2BE9854D003EB03D /* grizzly.jpg in Resources */ = {isa = PBXBuildFile; fileRef = 611E0E772BE9854D003EB03D /* grizzly.jpg */; };
		611E0E8F2BE9854D003EB03D /* grizzlyCubs.jpg in Resources */ = {isa = PBXBuildFile; fileRef = 611E0E782BE9854D003EB03D /* grizzlyCubs.jpg */; };
		611E0E902BE9854D003EB03D /* groundSquirrel.jpg in Resources */ = {isa = PBXBuildFile; fileRef = 611E0E792BE9854D003EB03D /* groundSquirrel.jpg */; };
		611E0E912BE9854D003EB03D /* harborSeal.jpg in Resources */ = {isa = PBXBuildFile; fileRef = 611E0E7A2BE9854D003EB03D /* harborSeal.jpg */; };
		611E0E922BE9854D003EB03D /* harborSealPup.jpg in Resources */ = {isa = PBXBuildFile; fileRef = 611E0E7B2BE9854D003EB03D /* harborSealPup.jpg */; };
		611E0E932BE9854D003EB03D /* heartSpring.jpg in Resources */ = {isa = PBXBuildFile; fileRef = 611E0E7C2BE9854D003EB03D /* heartSpring.jpg */; };
		611E0E942BE9854D003EB03D /* newGrowthOfAntlers.jpg in Resources */ = {isa = PBXBuildFile; fileRef = 611E0E7D2BE9854D003EB03D /* newGrowthOfAntlers.jpg */; };
		611E0E952BE9854D003EB03D /* owlsAtMammoth.jpg in Resources */ = {isa = PBXBuildFile; fileRef = 611E0E7E2BE9854D003EB03D /* owlsAtMammoth.jpg */; };
		611E0E962BE9854D003EB03D /* rainbowAndBadlands.jpg in Resources */ = {isa = PBXBuildFile; fileRef = 611E0E7F2BE9854D003EB03D /* rainbowAndBadlands.jpg */; };
		611E0E972BE9854D003EB03D /* redTailedHawk.jpg in Resources */ = {isa = PBXBuildFile; fileRef = 611E0E802BE9854D003EB03D /* redTailedHawk.jpg */; };
		611E0E982BE9854D003EB03D /* riverOtter.jpg in Resources */ = {isa = PBXBuildFile; fileRef = 611E0E812BE9854D003EB03D /* riverOtter.jpg */; };
		611E0E992BE9854D003EB03D /* soaringTheRainbow.jpg in Resources */ = {isa = PBXBuildFile; fileRef = 611E0E822BE9854D003EB03D /* soaringTheRainbow.jpg */; };
		611E0E9A2BE9854D003EB03D /* sunriseAtGrottoGeyser.jpg in Resources */ = {isa = PBXBuildFile; fileRef = 611E0E832BE9854D003EB03D /* sunriseAtGrottoGeyser.jpg */; };
		611E0E9B2BE9854D003EB03D /* towerCreekBASIN.jpg in Resources */ = {isa = PBXBuildFile; fileRef = 611E0E842BE9854D003EB03D /* towerCreekBASIN.jpg */; };
		611E0E9C2BE9854D003EB03D /* yellowBelliedMarmot.jpg in Resources */ = {isa = PBXBuildFile; fileRef = 611E0E852BE9854D003EB03D /* yellowBelliedMarmot.jpg */; };
		611E0E9E2BE987E8003EB03D /* FileManagerExtensions.swift in Sources */ = {isa = PBXBuildFile; fileRef = 611E0E9D2BE987E8003EB03D /* FileManagerExtensions.swift */; };
/* End PBXBuildFile section */

/* Begin PBXFileReference section */
		611E0E5A2BE97B6A003EB03D /* ImageGallery.app */ = {isa = PBXFileReference; explicitFileType = wrapper.application; includeInIndex = 0; path = ImageGallery.app; sourceTree = BUILT_PRODUCTS_DIR; };
		611E0E5D2BE97B6A003EB03D /* ImageGalleryApp.swift */ = {isa = PBXFileReference; lastKnownFileType = sourcecode.swift; path = ImageGalleryApp.swift; sourceTree = "<group>"; };
		611E0E5F2BE97B6A003EB03D /* GridView.swift */ = {isa = PBXFileReference; lastKnownFileType = sourcecode.swift; path = GridView.swift; sourceTree = "<group>"; };
		611E0E612BE97B6C003EB03D /* Assets.xcassets */ = {isa = PBXFileReference; lastKnownFileType = folder.assetcatalog; path = Assets.xcassets; sourceTree = "<group>"; };
		611E0E642BE97B6C003EB03D /* Preview Assets.xcassets */ = {isa = PBXFileReference; lastKnownFileType = folder.assetcatalog; path = "Preview Assets.xcassets"; sourceTree = "<group>"; };
		611E0E6C2BE97CA5003EB03D /* DataModel.swift */ = {isa = PBXFileReference; lastKnownFileType = sourcecode.swift; path = DataModel.swift; sourceTree = "<group>"; };
		611E0E6E2BE98268003EB03D /* Item.swift */ = {isa = PBXFileReference; lastKnownFileType = sourcecode.swift; path = Item.swift; sourceTree = "<group>"; };
		611E0E702BE9854D003EB03D /* bobcat.jpg */ = {isa = PBXFileReference; lastKnownFileType = image.jpeg; path = bobcat.jpg; sourceTree = "<group>"; };
		611E0E712BE9854D003EB03D /* bullElk.jpg */ = {isa = PBXFileReference; lastKnownFileType = image.jpeg; path = bullElk.jpg; sourceTree = "<group>"; };
		611E0E722BE9854D003EB03D /* bullElkSparring.jpg */ = {isa = PBXFileReference; lastKnownFileType = image.jpeg; path = bullElkSparring.jpg; sourceTree = "<group>"; };
		611E0E732BE9854D003EB03D /* bullTuleElkAndTwoFemales.jpg */ = {isa = PBXFileReference; lastKnownFileType = image.jpeg; path = bullTuleElkAndTwoFemales.jpg; sourceTree = "<group>"; };
		611E0E742BE9854D003EB03D /* coyoteAndBison.jpg */ = {isa = PBXFileReference; lastKnownFileType = image.jpeg; path = coyoteAndBison.jpg; sourceTree = "<group>"; };
		611E0E752BE9854D003EB03D /* doubleRainbowLowerMammoth.jpg */ = {isa = PBXFileReference; lastKnownFileType = image.jpeg; path = doubleRainbowLowerMammoth.jpg; sourceTree = "<group>"; };
		611E0E762BE9854D003EB03D /* doubleRainbowYellowstone.jpg */ = {isa = PBXFileReference; lastKnownFileType = image.jpeg; path = doubleRainbowYellowstone.jpg; sourceTree = "<group>"; };
		611E0E772BE9854D003EB03D /* grizzly.jpg */ = {isa = PBXFileReference; lastKnownFileType = image.jpeg; path = grizzly.jpg; sourceTree = "<group>"; };
		611E0E782BE9854D003EB03D /* grizzlyCubs.jpg */ = {isa = PBXFileReference; lastKnownFileType = image.jpeg; path = grizzlyCubs.jpg; sourceTree = "<group>"; };
		611E0E792BE9854D003EB03D /* groundSquirrel.jpg */ = {isa = PBXFileReference; lastKnownFileType = image.jpeg; path = groundSquirrel.jpg; sourceTree = "<group>"; };
		611E0E7A2BE9854D003EB03D /* harborSeal.jpg */ = {isa = PBXFileReference; lastKnownFileType = image.jpeg; path = harborSeal.jpg; sourceTree = "<group>"; };
		611E0E7B2BE9854D003EB03D /* harborSealPup.jpg */ = {isa = PBXFileReference; lastKnownFileType = image.jpeg; path = harborSealPup.jpg; sourceTree = "<group>"; };
		611E0E7C2BE9854D003EB03D /* heartSpring.jpg */ = {isa = PBXFileReference; lastKnownFileType = image.jpeg; path = heartSpring.jpg; sourceTree = "<group>"; };
		611E0E7D2BE9854D003EB03D /* newGrowthOfAntlers.jpg */ = {isa = PBXFileReference; lastKnownFileType = image.jpeg; path = newGrowthOfAntlers.jpg; sourceTree = "<group>"; };
		611E0E7E2BE9854D003EB03D /* owlsAtMammoth.jpg */ = {isa = PBXFileReference; lastKnownFileType = image.jpeg; path = owlsAtMammoth.jpg; sourceTree = "<group>"; };
		611E0E7F2BE9854D003EB03D /* rainbowAndBadlands.jpg */ = {isa = PBXFileReference; lastKnownFileType = image.jpeg; path = rainbowAndBadlands.jpg; sourceTree = "<group>"; };
		611E0E802BE9854D003EB03D /* redTailedHawk.jpg */ = {isa = PBXFileReference; lastKnownFileType = image.jpeg; path = redTailedHawk.jpg; sourceTree = "<group>"; };
		611E0E812BE9854D003EB03D /* riverOtter.jpg */ = {isa = PBXFileReference; lastKnownFileType = image.jpeg; path = riverOtter.jpg; sourceTree = "<group>"; };
		611E0E822BE9854D003EB03D /* soaringTheRainbow.jpg */ = {isa = PBXFileReference; lastKnownFileType = image.jpeg; path = soaringTheRainbow.jpg; sourceTree = "<group>"; };
		611E0E832BE9854D003EB03D /* sunriseAtGrottoGeyser.jpg */ = {isa = PBXFileReference; lastKnownFileType = image.jpeg; path = sunriseAtGrottoGeyser.jpg; sourceTree = "<group>"; };
		611E0E842BE9854D003EB03D /* towerCreekBASIN.jpg */ = {isa = PBXFileReference; lastKnownFileType = image.jpeg; path = towerCreekBASIN.jpg; sourceTree = "<group>"; };
		611E0E852BE9854D003EB03D /* yellowBelliedMarmot.jpg */ = {isa = PBXFileReference; lastKnownFileType = image.jpeg; path = yellowBelliedMarmot.jpg; sourceTree = "<group>"; };
		611E0E9D2BE987E8003EB03D /* FileManagerExtensions.swift */ = {isa = PBXFileReference; lastKnownFileType = sourcecode.swift; path = FileManagerExtensions.swift; sourceTree = "<group>"; };
/* End PBXFileReference section */

/* Begin PBXFrameworksBuildPhase section */
		611E0E572BE97B6A003EB03D /* Frameworks */ = {
			isa = PBXFrameworksBuildPhase;
			buildActionMask = 2147483647;
			files = (
			);
			runOnlyForDeploymentPostprocessing = 0;
		};
/* End PBXFrameworksBuildPhase section */

/* Begin PBXGroup section */
		611E0E512BE97B6A003EB03D = {
			isa = PBXGroup;
			children = (
				611E0E5C2BE97B6A003EB03D /* ImageGallery */,
				611E0E5B2BE97B6A003EB03D /* Products */,
			);
			sourceTree = "<group>";
		};
		611E0E5B2BE97B6A003EB03D /* Products */ = {
			isa = PBXGroup;
			children = (
				611E0E5A2BE97B6A003EB03D /* ImageGallery.app */,
			);
			name = Products;
			sourceTree = "<group>";
		};
		611E0E5C2BE97B6A003EB03D /* ImageGallery */ = {
			isa = PBXGroup;
			children = (
				611E0E5D2BE97B6A003EB03D /* ImageGalleryApp.swift */,
				611E0E6C2BE97CA5003EB03D /* DataModel.swift */,
				611E0E9D2BE987E8003EB03D /* FileManagerExtensions.swift */,
				611E0E862BE9854D003EB03D /* Resources */,
				611E0E6B2BE97C8D003EB03D /* Views */,
				611E0E612BE97B6C003EB03D /* Assets.xcassets */,
				611E0E632BE97B6C003EB03D /* Preview Content */,
				611E0E6E2BE98268003EB03D /* Item.swift */,
			);
			path = ImageGallery;
			sourceTree = "<group>";
		};
		611E0E632BE97B6C003EB03D /* Preview Content */ = {
			isa = PBXGroup;
			children = (
				611E0E642BE97B6C003EB03D /* Preview Assets.xcassets */,
			);
			path = "Preview Content";
			sourceTree = "<group>";
		};
		611E0E6B2BE97C8D003EB03D /* Views */ = {
			isa = PBXGroup;
			children = (
				611E0E5F2BE97B6A003EB03D /* GridView.swift */,
			);
			path = Views;
			sourceTree = "<group>";
		};
		611E0E862BE9854D003EB03D /* Resources */ = {
			isa = PBXGroup;
			children = (
				611E0E702BE9854D003EB03D /* bobcat.jpg */,
				611E0E712BE9854D003EB03D /* bullElk.jpg */,
				611E0E722BE9854D003EB03D /* bullElkSparring.jpg */,
				611E0E732BE9854D003EB03D /* bullTuleElkAndTwoFemales.jpg */,
				611E0E742BE9854D003EB03D /* coyoteAndBison.jpg */,
				611E0E752BE9854D003EB03D /* doubleRainbowLowerMammoth.jpg */,
				611E0E762BE9854D003EB03D /* doubleRainbowYellowstone.jpg */,
				611E0E772BE9854D003EB03D /* grizzly.jpg */,
				611E0E782BE9854D003EB03D /* grizzlyCubs.jpg */,
				611E0E792BE9854D003EB03D /* groundSquirrel.jpg */,
				611E0E7A2BE9854D003EB03D /* harborSeal.jpg */,
				611E0E7B2BE9854D003EB03D /* harborSealPup.jpg */,
				611E0E7C2BE9854D003EB03D /* heartSpring.jpg */,
				611E0E7D2BE9854D003EB03D /* newGrowthOfAntlers.jpg */,
				611E0E7E2BE9854D003EB03D /* owlsAtMammoth.jpg */,
				611E0E7F2BE9854D003EB03D /* rainbowAndBadlands.jpg */,
				611E0E802BE9854D003EB03D /* redTailedHawk.jpg */,
				611E0E812BE9854D003EB03D /* riverOtter.jpg */,
				611E0E822BE9854D003EB03D /* soaringTheRainbow.jpg */,
				611E0E832BE9854D003EB03D /* sunriseAtGrottoGeyser.jpg */,
				611E0E842BE9854D003EB03D /* towerCreekBASIN.jpg */,
				611E0E852BE9854D003EB03D /* yellowBelliedMarmot.jpg */,
			);
			path = Resources;
			sourceTree = "<group>";
		};
/* End PBXGroup section */

/* Begin PBXNativeTarget section */
		611E0E592BE97B6A003EB03D /* ImageGallery */ = {
			isa = PBXNativeTarget;
			buildConfigurationList = 611E0E682BE97B6C003EB03D /* Build configuration list for PBXNativeTarget "ImageGallery" */;
			buildPhases = (
				611E0E562BE97B6A003EB03D /* Sources */,
				611E0E572BE97B6A003EB03D /* Frameworks */,
				611E0E582BE97B6A003EB03D /* Resources */,
			);
			buildRules = (
			);
			dependencies = (
			);
			name = ImageGallery;
			productName = ImageGallery;
			productReference = 611E0E5A2BE97B6A003EB03D /* ImageGallery.app */;
			productType = "com.apple.product-type.application";
		};
/* End PBXNativeTarget section */

/* Begin PBXProject section */
		611E0E522BE97B6A003EB03D /* Project object */ = {
			isa = PBXProject;
			attributes = {
				BuildIndependentTargetsInParallel = 1;
				LastSwiftUpdateCheck = 1540;
				LastUpgradeCheck = 1540;
				TargetAttributes = {
					611E0E592BE97B6A003EB03D = {
						CreatedOnToolsVersion = 15.4;
					};
				};
			};
			buildConfigurationList = 611E0E552BE97B6A003EB03D /* Build configuration list for PBXProject "ImageGallery" */;
			compatibilityVersion = "Xcode 14.0";
			developmentRegion = en;
			hasScannedForEncodings = 0;
			knownRegions = (
				en,
				Base,
			);
			mainGroup = 611E0E512BE97B6A003EB03D;
			productRefGroup = 611E0E5B2BE97B6A003EB03D /* Products */;
			projectDirPath = "";
			projectRoot = "";
			targets = (
				611E0E592BE97B6A003EB03D /* ImageGallery */,
			);
		};
/* End PBXProject section */

/* Begin PBXResourcesBuildPhase section */
		611E0E582BE97B6A003EB03D /* Resources */ = {
			isa = PBXResourcesBuildPhase;
			buildActionMask = 2147483647;
			files = (
				611E0E972BE9854D003EB03D /* redTailedHawk.jpg in Resources */,
				611E0E952BE9854D003EB03D /* owlsAtMammoth.jpg in Resources */,
				611E0E962BE9854D003EB03D /* rainbowAndBadlands.jpg in Resources */,
				611E0E982BE9854D003EB03D /* riverOtter.jpg in Resources */,
				611E0E8A2BE9854D003EB03D /* bullTuleElkAndTwoFemales.jpg in Resources */,
				611E0E8E2BE9854D003EB03D /* grizzly.jpg in Resources */,
				611E0E932BE9854D003EB03D /* heartSpring.jpg in Resources */,
				611E0E8F2BE9854D003EB03D /* grizzlyCubs.jpg in Resources */,
				611E0E912BE9854D003EB03D /* harborSeal.jpg in Resources */,
				611E0E902BE9854D003EB03D /* groundSquirrel.jpg in Resources */,
				611E0E652BE97B6C003EB03D /* Preview Assets.xcassets in Resources */,
				611E0E9C2BE9854D003EB03D /* yellowBelliedMarmot.jpg in Resources */,
				611E0E922BE9854D003EB03D /* harborSealPup.jpg in Resources */,
				611E0E992BE9854D003EB03D /* soaringTheRainbow.jpg in Resources */,
				611E0E9B2BE9854D003EB03D /* towerCreekBASIN.jpg in Resources */,
				611E0E942BE9854D003EB03D /* newGrowthOfAntlers.jpg in Resources */,
				611E0E8B2BE9854D003EB03D /* coyoteAndBison.jpg in Resources */,
				611E0E882BE9854D003EB03D /* bullElk.jpg in Resources */,
				611E0E872BE9854D003EB03D /* bobcat.jpg in Resources */,
				611E0E8C2BE9854D003EB03D /* doubleRainbowLowerMammoth.jpg in Resources */,
				611E0E892BE9854D003EB03D /* bullElkSparring.jpg in Resources */,
				611E0E8D2BE9854D003EB03D /* doubleRainbowYellowstone.jpg in Resources */,
				611E0E9A2BE9854D003EB03D /* sunriseAtGrottoGeyser.jpg in Resources */,
				611E0E622BE97B6C003EB03D /* Assets.xcassets in Resources */,
			);
			runOnlyForDeploymentPostprocessing = 0;
		};
/* End PBXResourcesBuildPhase section */

/* Begin PBXSourcesBuildPhase section */
		611E0E562BE97B6A003EB03D /* Sources */ = {
			isa = PBXSourcesBuildPhase;
			buildActionMask = 2147483647;
			files = (
				611E0E6F2BE98268003EB03D /* Item.swift in Sources */,
				611E0E602BE97B6A003EB03D /* GridView.swift in Sources */,
				611E0E5E2BE97B6A003EB03D /* ImageGalleryApp.swift in Sources */,
				611E0E9E2BE987E8003EB03D /* FileManagerExtensions.swift in Sources */,
				611E0E6D2BE97CA5003EB03D /* DataModel.swift in Sources */,
			);
			runOnlyForDeploymentPostprocessing = 0;
		};
/* End PBXSourcesBuildPhase section */

/* Begin XCBuildConfiguration section */
		611E0E662BE97B6C003EB03D /* Debug */ = {
			isa = XCBuildConfiguration;
			buildSettings = {
				ALWAYS_SEARCH_USER_PATHS = NO;
				ASSETCATALOG_COMPILER_GENERATE_SWIFT_ASSET_SYMBOL_EXTENSIONS = YES;
				CLANG_ANALYZER_NONNULL = YES;
				CLANG_ANALYZER_NUMBER_OBJECT_CONVERSION = YES_AGGRESSIVE;
				CLANG_CXX_LANGUAGE_STANDARD = "gnu++20";
				CLANG_ENABLE_MODULES = YES;
				CLANG_ENABLE_OBJC_ARC = YES;
				CLANG_ENABLE_OBJC_WEAK = YES;
				CLANG_WARN_BLOCK_CAPTURE_AUTORELEASING = YES;
				CLANG_WARN_BOOL_CONVERSION = YES;
				CLANG_WARN_COMMA = YES;
				CLANG_WARN_CONSTANT_CONVERSION = YES;
				CLANG_WARN_DEPRECATED_OBJC_IMPLEMENTATIONS = YES;
				CLANG_WARN_DIRECT_OBJC_ISA_USAGE = YES_ERROR;
				CLANG_WARN_DOCUMENTATION_COMMENTS = YES;
				CLANG_WARN_EMPTY_BODY = YES;
				CLANG_WARN_ENUM_CONVERSION = YES;
				CLANG_WARN_INFINITE_RECURSION = YES;
				CLANG_WARN_INT_CONVERSION = YES;
				CLANG_WARN_NON_LITERAL_NULL_CONVERSION = YES;
				CLANG_WARN_OBJC_IMPLICIT_RETAIN_SELF = YES;
				CLANG_WARN_OBJC_LITERAL_CONVERSION = YES;
				CLANG_WARN_OBJC_ROOT_CLASS = YES_ERROR;
				CLANG_WARN_QUOTED_INCLUDE_IN_FRAMEWORK_HEADER = YES;
				CLANG_WARN_RANGE_LOOP_ANALYSIS = YES;
				CLANG_WARN_STRICT_PROTOTYPES = YES;
				CLANG_WARN_SUSPICIOUS_MOVE = YES;
				CLANG_WARN_UNGUARDED_AVAILABILITY = YES_AGGRESSIVE;
				CLANG_WARN_UNREACHABLE_CODE = YES;
				CLANG_WARN__DUPLICATE_METHOD_MATCH = YES;
				COPY_PHASE_STRIP = NO;
				DEBUG_INFORMATION_FORMAT = dwarf;
				ENABLE_STRICT_OBJC_MSGSEND = YES;
				ENABLE_TESTABILITY = YES;
				ENABLE_USER_SCRIPT_SANDBOXING = YES;
				GCC_C_LANGUAGE_STANDARD = gnu17;
				GCC_DYNAMIC_NO_PIC = NO;
				GCC_NO_COMMON_BLOCKS = YES;
				GCC_OPTIMIZATION_LEVEL = 0;
				GCC_PREPROCESSOR_DEFINITIONS = (
					"DEBUG=1",
					"$(inherited)",
				);
				GCC_WARN_64_TO_32_BIT_CONVERSION = YES;
				GCC_WARN_ABOUT_RETURN_TYPE = YES_ERROR;
				GCC_WARN_UNDECLARED_SELECTOR = YES;
				GCC_WARN_UNINITIALIZED_AUTOS = YES_AGGRESSIVE;
				GCC_WARN_UNUSED_FUNCTION = YES;
				GCC_WARN_UNUSED_VARIABLE = YES;
				IPHONEOS_DEPLOYMENT_TARGET = 17.5;
				LOCALIZATION_PREFERS_STRING_CATALOGS = YES;
				MTL_ENABLE_DEBUG_INFO = INCLUDE_SOURCE;
				MTL_FAST_MATH = YES;
				ONLY_ACTIVE_ARCH = YES;
				SDKROOT = iphoneos;
				SWIFT_ACTIVE_COMPILATION_CONDITIONS = "DEBUG $(inherited)";
				SWIFT_OPTIMIZATION_LEVEL = "-Onone";
			};
			name = Debug;
		};
		611E0E672BE97B6C003EB03D /* Release */ = {
			isa = XCBuildConfiguration;
			buildSettings = {
				ALWAYS_SEARCH_USER_PATHS = NO;
				ASSETCATALOG_COMPILER_GENERATE_SWIFT_ASSET_SYMBOL_EXTENSIONS = YES;
				CLANG_ANALYZER_NONNULL = YES;
				CLANG_ANALYZER_NUMBER_OBJECT_CONVERSION = YES_AGGRESSIVE;
				CLANG_CXX_LANGUAGE_STANDARD = "gnu++20";
				CLANG_ENABLE_MODULES = YES;
				CLANG_ENABLE_OBJC_ARC = YES;
				CLANG_ENABLE_OBJC_WEAK = YES;
				CLANG_WARN_BLOCK_CAPTURE_AUTORELEASING = YES;
				CLANG_WARN_BOOL_CONVERSION = YES;
				CLANG_WARN_COMMA = YES;
				CLANG_WARN_CONSTANT_CONVERSION = YES;
				CLANG_WARN_DEPRECATED_OBJC_IMPLEMENTATIONS = YES;
				CLANG_WARN_DIRECT_OBJC_ISA_USAGE = YES_ERROR;
				CLANG_WARN_DOCUMENTATION_COMMENTS = YES;
				CLANG_WARN_EMPTY_BODY = YES;
				CLANG_WARN_ENUM_CONVERSION = YES;
				CLANG_WARN_INFINITE_RECURSION = YES;
				CLANG_WARN_INT_CONVERSION = YES;
				CLANG_WARN_NON_LITERAL_NULL_CONVERSION = YES;
				CLANG_WARN_OBJC_IMPLICIT_RETAIN_SELF = YES;
				CLANG_WARN_OBJC_LITERAL_CONVERSION = YES;
				CLANG_WARN_OBJC_ROOT_CLASS = YES_ERROR;
				CLANG_WARN_QUOTED_INCLUDE_IN_FRAMEWORK_HEADER = YES;
				CLANG_WARN_RANGE_LOOP_ANALYSIS = YES;
				CLANG_WARN_STRICT_PROTOTYPES = YES;
				CLANG_WARN_SUSPICIOUS_MOVE = YES;
				CLANG_WARN_UNGUARDED_AVAILABILITY = YES_AGGRESSIVE;
				CLANG_WARN_UNREACHABLE_CODE = YES;
				CLANG_WARN__DUPLICATE_METHOD_MATCH = YES;
				COPY_PHASE_STRIP = NO;
				DEBUG_INFORMATION_FORMAT = "dwarf-with-dsym";
				ENABLE_NS_ASSERTIONS = NO;
				ENABLE_STRICT_OBJC_MSGSEND = YES;
				ENABLE_USER_SCRIPT_SANDBOXING = YES;
				GCC_C_LANGUAGE_STANDARD = gnu17;
				GCC_NO_COMMON_BLOCKS = YES;
				GCC_WARN_64_TO_32_BIT_CONVERSION = YES;
				GCC_WARN_ABOUT_RETURN_TYPE = YES_ERROR;
				GCC_WARN_UNDECLARED_SELECTOR = YES;
				GCC_WARN_UNINITIALIZED_AUTOS = YES_AGGRESSIVE;
				GCC_WARN_UNUSED_FUNCTION = YES;
				GCC_WARN_UNUSED_VARIABLE = YES;
				IPHONEOS_DEPLOYMENT_TARGET = 17.5;
				LOCALIZATION_PREFERS_STRING_CATALOGS = YES;
				MTL_ENABLE_DEBUG_INFO = NO;
				MTL_FAST_MATH = YES;
				SDKROOT = iphoneos;
				SWIFT_COMPILATION_MODE = wholemodule;
				VALIDATE_PRODUCT = YES;
			};
			name = Release;
		};
		611E0E692BE97B6C003EB03D /* Debug */ = {
			isa = XCBuildConfiguration;
			buildSettings = {
				ASSETCATALOG_COMPILER_APPICON_NAME = AppIcon;
				ASSETCATALOG_COMPILER_GLOBAL_ACCENT_COLOR_NAME = AccentColor;
				CODE_SIGN_STYLE = Automatic;
				CURRENT_PROJECT_VERSION = 1;
				DEVELOPMENT_ASSET_PATHS = "\"ImageGallery/Preview Content\"";
				DEVELOPMENT_TEAM = 4FXJ5W7FM5;
				ENABLE_PREVIEWS = YES;
				GENERATE_INFOPLIST_FILE = YES;
				INFOPLIST_KEY_UIApplicationSceneManifest_Generation = YES;
				INFOPLIST_KEY_UIApplicationSupportsIndirectInputEvents = YES;
				INFOPLIST_KEY_UILaunchScreen_Generation = YES;
				INFOPLIST_KEY_UISupportedInterfaceOrientations_iPad = "UIInterfaceOrientationPortrait UIInterfaceOrientationPortraitUpsideDown UIInterfaceOrientationLandscapeLeft UIInterfaceOrientationLandscapeRight";
				INFOPLIST_KEY_UISupportedInterfaceOrientations_iPhone = "UIInterfaceOrientationPortrait UIInterfaceOrientationLandscapeLeft UIInterfaceOrientationLandscapeRight";
				LD_RUNPATH_SEARCH_PATHS = (
					"$(inherited)",
					"@executable_path/Frameworks",
				);
				MARKETING_VERSION = 1.0;
				PRODUCT_BUNDLE_IDENTIFIER = iManzi.com.ImageGallery;
				PRODUCT_NAME = "$(TARGET_NAME)";
				SWIFT_EMIT_LOC_STRINGS = YES;
				SWIFT_VERSION = 5.0;
				TARGETED_DEVICE_FAMILY = "1,2";
			};
			name = Debug;
		};
		611E0E6A2BE97B6C003EB03D /* Release */ = {
			isa = XCBuildConfiguration;
			buildSettings = {
				ASSETCATALOG_COMPILER_APPICON_NAME = AppIcon;
				ASSETCATALOG_COMPILER_GLOBAL_ACCENT_COLOR_NAME = AccentColor;
				CODE_SIGN_STYLE = Automatic;
				CURRENT_PROJECT_VERSION = 1;
				DEVELOPMENT_ASSET_PATHS = "\"ImageGallery/Preview Content\"";
				DEVELOPMENT_TEAM = 4FXJ5W7FM5;
				ENABLE_PREVIEWS = YES;
				GENERATE_INFOPLIST_FILE = YES;
				INFOPLIST_KEY_UIApplicationSceneManifest_Generation = YES;
				INFOPLIST_KEY_UIApplicationSupportsIndirectInputEvents = YES;
				INFOPLIST_KEY_UILaunchScreen_Generation = YES;
				INFOPLIST_KEY_UISupportedInterfaceOrientations_iPad = "UIInterfaceOrientationPortrait UIInterfaceOrientationPortraitUpsideDown UIInterfaceOrientationLandscapeLeft UIInterfaceOrientationLandscapeRight";
				INFOPLIST_KEY_UISupportedInterfaceOrientations_iPhone = "UIInterfaceOrientationPortrait UIInterfaceOrientationLandscapeLeft UIInterfaceOrientationLandscapeRight";
				LD_RUNPATH_SEARCH_PATHS = (
					"$(inherited)",
					"@executable_path/Frameworks",
				);
				MARKETING_VERSION = 1.0;
				PRODUCT_BUNDLE_IDENTIFIER = iManzi.com.ImageGallery;
				PRODUCT_NAME = "$(TARGET_NAME)";
				SWIFT_EMIT_LOC_STRINGS = YES;
				SWIFT_VERSION = 5.0;
				TARGETED_DEVICE_FAMILY = "1,2";
			};
			name = Release;
		};
/* End XCBuildConfiguration section */

/* Begin XCConfigurationList section */
		611E0E552BE97B6A003EB03D /* Build configuration list for PBXProject "ImageGallery" */ = {
			isa = XCConfigurationList;
			buildConfigurations = (
				611E0E662BE97B6C003EB03D /* Debug */,
				611E0E672BE97B6C003EB03D /* Release */,
			);
			defaultConfigurationIsVisible = 0;
			defaultConfigurationName = Release;
		};
		611E0E682BE97B6C003EB03D /* Build configuration list for PBXNativeTarget "ImageGallery" */ = {
			isa = XCConfigurationList;
			buildConfigurations = (
				611E0E692BE97B6C003EB03D /* Debug */,
				611E0E6A2BE97B6C003EB03D /* Release */,
			);
			defaultConfigurationIsVisible = 0;
			defaultConfigurationName = Release;
		};
/* End XCConfigurationList section */
	};
	rootObject = 611E0E522BE97B6A003EB03D /* Project object */;
}
